
Microsoft Visual Studio Solution File, Format Version 12.00
# Visual Studio Version 17
VisualStudioVersion = 17.14.36804.6 d17.14
MinimumVisualStudioVersion = 10.0.40219.1
Project("{2150E333-8FDC-42A3-9474-1A3956D46DE8}") = "src", "src", "{02EA681E-C7D8-13C7-8484-4AC65E1B71E8}"
EndProject
Project("{FAE04EC0-301F-11D3-BF4B-00C04F79EFBC}") = "Contacts.Web", "Contacts.Web\Contacts.Web.csproj", "{380D8631-ACE0-4471-AB11-C3E082470F9C}"
EndProject
Project("{FAE04EC0-301F-11D3-BF4B-00C04F79EFBC}") = "Contacts.Domain", "Contacts.Domain\Contacts.Domain.csproj", "{4D726D51-281E-4AE0-AAB8-713136979801}"
EndProject
Project("{FAE04EC0-301F-11D3-BF4B-00C04F79EFBC}") = "Contacts.Application", "Contacts.Application\Contacts.Application.csproj", "{8BC02CB5-6FBD-42EB-BD18-1F2D373273A8}"
EndProject
Project("{FAE04EC0-301F-11D3-BF4B-00C04F79EFBC}") = "Contacts.Infrastructure", "Contacts.Infrastructure\Contacts.Infrastructure.csproj", "{17810689-80EC-49DB-A44F-0F75B7F936DF}"
EndProject
Global
	GlobalSection(SolutionConfigurationPlatforms) = preSolution
		Debug|Any CPU = Debug|Any CPU
		Release|Any CPU = Release|Any CPU
	EndGlobalSection
	GlobalSection(ProjectConfigurationPlatforms) = postSolution
		{380D8631-ACE0-4471-AB11-C3E082470F9C}.Debug|Any CPU.ActiveCfg = Debug|Any CPU
		{380D8631-ACE0-4471-AB11-C3E082470F9C}.Debug|Any CPU.Build.0 = Debug|Any CPU
		{380D8631-ACE0-4471-AB11-C3E082470F9C}.Release|Any CPU.ActiveCfg = Release|Any CPU
		{380D8631-ACE0-4471-AB11-C3E082470F9C}.Release|Any CPU.Build.0 = Release|Any CPU
		{4D726D51-281E-4AE0-AAB8-713136979801}.Debug|Any CPU.ActiveCfg = Debug|Any CPU
		{4D726D51-281E-4AE0-AAB8-713136979801}.Debug|Any CPU.Build.0 = Debug|Any CPU
		{4D726D51-281E-4AE0-AAB8-713136979801}.Release|Any CPU.ActiveCfg = Release|Any CPU
		{4D726D51-281E-4AE0-AAB8-713136979801}.Release|Any CPU.Build.0 = Release|Any CPU
		{8BC02CB5-6FBD-42EB-BD18-1F2D373273A8}.Debug|Any CPU.ActiveCfg = Debug|Any CPU
		{8BC02CB5-6FBD-42EB-BD18-1F2D373273A8}.Debug|Any CPU.Build.0 = Debug|Any CPU
		{8BC02CB5-6FBD-42EB-BD18-1F2D373273A8}.Release|Any CPU.ActiveCfg = Release|Any CPU
		{8BC02CB5-6FBD-42EB-BD18-1F2D373273A8}.Release|Any CPU.Build.0 = Release|Any CPU
		{17810689-80EC-49DB-A44F-0F75B7F936DF}.Debug|Any CPU.ActiveCfg = Debug|Any CPU
		{17810689-80EC-49DB-A44F-0F75B7F936DF}.Debug|Any CPU.Build.0 = Debug|Any CPU
		{17810689-80EC-49DB-A44F-0F75B7F936DF}.Release|Any CPU.ActiveCfg = Release|Any CPU
		{17810689-80EC-49DB-A44F-0F75B7F936DF}.Release|Any CPU.Build.0 = Release|Any CPU
	EndGlobalSection
	GlobalSection(SolutionProperties) = preSolution
		HideSolutionNode = FALSE
	EndGlobalSection
	GlobalSection(NestedProjects) = preSolution
		{380D8631-ACE0-4471-AB11-C3E082470F9C} = {02EA681E-C7D8-13C7-8484-4AC65E1B71E8}
		{4D726D51-281E-4AE0-AAB8-713136979801} = {02EA681E-C7D8-13C7-8484-4AC65E1B71E8}
		{8BC02CB5-6FBD-42EB-BD18-1F2D373273A8} = {02EA681E-C7D8-13C7-8484-4AC65E1B71E8}
		{17810689-80EC-49DB-A44F-0F75B7F936DF} = {02EA681E-C7D8-13C7-8484-4AC65E1B71E8}
	EndGlobalSection
	GlobalSection(ExtensibilityGlobals) = postSolution
		SolutionGuid = {FC5EC34F-555F-4DCC-91BB-9C050FF1FDBE}
	EndGlobalSection
EndGlobal
